{
  "name": "react-native-iaphub",
  "version": "1.0.5",
  "lockfileVersion": 1,
  "requires": true,
  "dependencies": {
    "dooboolab-welcome": {
      "version": "1.1.1",
      "resolved": "https://registry.npmjs.org/dooboolab-welcome/-/dooboolab-welcome-1.1.1.tgz",
      "integrity": "sha512-tQ/9NBCGnalHwKOBjDqTD4t4wQpDfSSbxQGctzkzaLHR3AhN0wCBkIs05JciVtvl/jfLZ+DgAndktAMk3Bu7Vw=="
    },
    "react-native-iap": {
      "version": "4.4.1",
      "resolved": "https://registry.npmjs.org/react-native-iap/-/react-native-iap-4.4.1.tgz",
      "integrity": "sha512-WpIpnL2OBcKpnAsmE3N1RzgCXdjpJUmLUVUKGoXlHT66djmzy/S9sMWZBRaoKV63MfVNiYmavwPi0HlEcBt6zw==",
      "requires": {
        "dooboolab-welcome": "^1.1.1"
      }
    }
  }
}
