{
  "name": "react-native-iaphub",
  "version": "5.0.0",
  "lockfileVersion": 1,
  "requires": true,
  "dependencies": {
    "dooboolab-welcome": {
      "version": "1.2.0",
      "resolved": "https://registry.npmjs.org/dooboolab-welcome/-/dooboolab-welcome-1.2.0.tgz",
      "integrity": "sha512-XgEbjJHAsKLge/e8jtuHsv84Ovg1Gx0GvnOTOmOlVGV1643nduTAkT3fyo/mxKbzvyXBr47RHaJAY4R2toI0UA=="
    },
    "react-native-iap": {
      "version": "4.6.3",
      "resolved": "https://registry.npmjs.org/react-native-iap/-/react-native-iap-4.6.3.tgz",
      "integrity": "sha512-BUCnaIuUUcegarzDUbqvAwdauYaCNYqc+2ExluP8CXpKr0VdNpZxDGilHptDbBt9CCqWf7dvautNP/dsSI0J6A==",
      "requires": {
        "dooboolab-welcome": "^1.2.0"
      }
    }
  }
}
