{
  "name": "react-native-iaphub",
  "version": "6.4.1",
  "lockfileVersion": 1,
  "requires": true,
  "dependencies": {
    "fetch-retry": {
      "version": "4.1.0",
      "resolved": "https://registry.npmjs.org/fetch-retry/-/fetch-retry-4.1.0.tgz",
      "integrity": "sha512-FUc9XZuhyE3ka3m53lec29PXVhdRf59QG01nE+OZdfl0M/R0E7Pk6k6qeWzHhX1pHl/f2JPA97sjjbHRgSg/9A=="
    },
    "react-native-event-listeners": {
      "version": "1.0.7",
      "resolved": "https://registry.npmjs.org/react-native-event-listeners/-/react-native-event-listeners-1.0.7.tgz",
      "integrity": "sha512-yne2ldnqGtABnuN6VSPgs5afaHZZYIAGMoyBUJFn5O2t5t78eCbX9vNa3hvOIIwulKMkZVfqyRtYcSOrNMmMhg==",
      "requires": {
        "type-detect": "^4.0.8"
      }
    },
    "react-native-fetch-polyfill": {
      "version": "1.1.3",
      "resolved": "https://registry.npmjs.org/react-native-fetch-polyfill/-/react-native-fetch-polyfill-1.1.3.tgz",
      "integrity": "sha512-zr5yXQftuGq+ABGa3n4ZE+vkL1lBsMSePkRINm3/6vlpbwnLXYoijwazTO/W8GjsV4LAgGmzuieZxKO/NxW19A=="
    },
    "type-detect": {
      "version": "4.0.8",
      "resolved": "https://registry.npmjs.org/type-detect/-/type-detect-4.0.8.tgz",
      "integrity": "sha512-0fr/mIH1dlO+x7TlcMy+bIDqKPsw/70tVyeHW787goQjhmqaZe10uwLujubK9q9Lg6Fiho1KUKDYz0Z7k7g5/g=="
    }
  }
}
